{
  "version": 4,
  "terraform_version": "1.5.7",
  "serial": 8,
  "lineage": "411e139c-3fcd-5496-ca5c-5590c773310b",
  "outputs": {},
  "resources": [
    {
      "mode": "data",
      "type": "aws_eks_cluster",
      "name": "cluster",
      "provider": "provider[\"registry.terraform.io/hashicorp/aws\"]",
      "instances": [
        {
          "schema_version": 0,
          "attributes": {
            "access_config": [
              {
                "authentication_mode": "API_AND_CONFIG_MAP",
                "bootstrap_cluster_creator_admin_permissions": true
              }
            ],
            "arn": "arn:aws:eks:us-east-1:533267095186:cluster/education-eks-2we6PjFu",
            "certificate_authority": [
              {
                "data": "LS0tLS1CRUdJTiBDRVJUSUZJQ0FURS0tLS0tCk1JSURCVENDQWUyZ0F3SUJBZ0lJS0l0aHJrNFp1cGd3RFFZSktvWklodmNOQVFFTEJRQXdGVEVUTUJFR0ExVUUKQXhNS2EzVmlaWEp1WlhSbGN6QWVGdzB5TlRBeE1EWXlNekV6TlRoYUZ3MHpOVEF4TURReU16RTROVGhhTUJVeApFekFSQmdOVkJBTVRDbXQxWW1WeWJtVjBaWE13Z2dFaU1BMEdDU3FHU0liM0RRRUJBUVVBQTRJQkR3QXdnZ0VLCkFvSUJBUURISW9YRThMcGgrMnhKR2ZuSi80b21ZblprYlRua1lxUzNXNlRubXBOODlZYS9NSE8yTGd6MTh0QVAKSTBaekVtVjBiZmVLd25FdjZneUF0MHZ5TFVIK1M3d0cxY1ZSeXlEOFpnM0g3eFpic0diZ1Z1OTIyWWpPUmwzVApGWjZTbWdwQnY3WFBOU3kxUWRIZTlGZ3VSNVY4VDg5cHJMOTd2QzNIYVp3d3F1VXlpa0RSWW12M0dndE95cjNSClhxN2R1aTFxcm1lWXZDdldhQWxKRFQ1SERwNG9ZYm1UMkJPVjM4YmhSMHAwVENzQ2h0aVdOMFAzWmFta3lpWkwKU1pXMEdWcDVuOXRrZTZodXMxbytZT0RrNlcyckg5M1l3ZU12VHZhWHI2K2pWdk9TTEdJS0t5OTM1VnlRM2NKagovUDFKbWtHY3pHWXF6b3lzV2ZGdFFxSURodVpIQWdNQkFBR2pXVEJYTUE0R0ExVWREd0VCL3dRRUF3SUNwREFQCkJnTlZIUk1CQWY4RUJUQURBUUgvTUIwR0ExVWREZ1FXQkJRUm5SY29tM2NsK05xUGRkeWdQeDNBbHFRN2pUQVYKQmdOVkhSRUVEakFNZ2dwcmRXSmxjbTVsZEdWek1BMEdDU3FHU0liM0RRRUJDd1VBQTRJQkFRQmdQQllkWlFWcgpVRVh5ajZYVkVVNHAreVBrUHp5Tm5GZkhJZHFqenA0ck4vVWRCRG5rQm1KTWo3S1dWOXdKYi9kUlpxTzFjblFECm5LL2h0d3ZmQW5KSFgxTHJqdE5OalNRSERlQjQxWmxxWWxPR3FvekNqSStJWngreEQxc1pVSis2WmhaS3cvYVQKYlJLTnh6S2hXZGNoZzc3UkhiSW1uUVdad0o2ZEg0N0hPejhDaDNWS0JLM0FNTDFUbmdXdmQ5Q0thNDF5RnNSZwpRYVc0d2U4WXpRWWJweGZ3cm8rSk83c01PbktWRE1VYmZLeTlrYVF3dENnQ2p0cGl2YVIwdWR1cU1GVVQrVlJNCndvVTJvamg5eU9lOUdGVTNDMW5uUnVxa2kwS2p3UDJvaHM4MDB1YUh1WCtLWFpJMkwreFJKSFc5UFpNcWdudXIKUFFDdWtWcEs5d0pVCi0tLS0tRU5EIENFUlRJRklDQVRFLS0tLS0K"
              }
            ],
            "cluster_id": null,
            "compute_config": [],
            "created_at": "2025-01-06T23:13:23Z",
            "enabled_cluster_log_types": [
              "api",
              "audit",
              "authenticator"
            ],
            "endpoint": "https://2BE79E797C751654A84789802F8D17B9.gr7.us-east-1.eks.amazonaws.com",
            "id": "education-eks-2we6PjFu",
            "identity": [
              {
                "oidc": [
                  {
                    "issuer": "https://oidc.eks.us-east-1.amazonaws.com/id/2BE79E797C751654A84789802F8D17B9"
                  }
                ]
              }
            ],
            "kubernetes_network_config": [
              {
                "elastic_load_balancing": [
                  {
                    "enabled": false
                  }
                ],
                "ip_family": "ipv4",
                "service_ipv4_cidr": "172.20.0.0/16",
                "service_ipv6_cidr": ""
              }
            ],
            "name": "education-eks-2we6PjFu",
            "outpost_config": [],
            "platform_version": "eks.27",
            "remote_network_config": [],
            "role_arn": "arn:aws:iam::533267095186:role/education-eks-2we6PjFu-cluster-20250106231255115300000003",
            "status": "ACTIVE",
            "storage_config": [],
            "tags": {
              "terraform-aws-modules": "eks"
            },
            "upgrade_policy": [
              {
                "support_type": "EXTENDED"
              }
            ],
            "version": "1.29",
            "vpc_config": [
              {
                "cluster_security_group_id": "sg-0cfc0dfd4fb05d103",
                "endpoint_private_access": true,
                "endpoint_public_access": true,
                "public_access_cidrs": [
                  "0.0.0.0/0"
                ],
                "security_group_ids": [
                  "sg-0d24e44e679f933d6"
                ],
                "subnet_ids": [
                  "subnet-0b2a592aecafec738",
                  "subnet-0bfd4c798ccff739d",
                  "subnet-0f62e975f434fbbb2"
                ],
                "vpc_id": "vpc-01ec18bc1a963839c"
              }
            ],
            "zonal_shift_config": []
          },
          "sensitive_attributes": []
        }
      ]
    },
    {
      "mode": "data",
      "type": "aws_eks_cluster_auth",
      "name": "cluster",
      "provider": "provider[\"registry.terraform.io/hashicorp/aws\"]",
      "instances": [
        {
          "schema_version": 0,
          "attributes": {
            "id": "education-eks-2we6PjFu",
            "name": "education-eks-2we6PjFu",
            "token": "k8s-aws-v1.aHR0cHM6Ly9zdHMudXMtZWFzdC0xLmFtYXpvbmF3cy5jb20vP0FjdGlvbj1HZXRDYWxsZXJJZGVudGl0eSZWZXJzaW9uPTIwMTEtMDYtMTUmWC1BbXotQWxnb3JpdGhtPUFXUzQtSE1BQy1TSEEyNTYmWC1BbXotQ3JlZGVudGlhbD1BS0lBWFlLSlNEMkpFQ1JDTUI1QiUyRjIwMjUwMTA2JTJGdXMtZWFzdC0xJTJGc3RzJTJGYXdzNF9yZXF1ZXN0JlgtQW16LURhdGU9MjAyNTAxMDZUMjMzMDEyWiZYLUFtei1FeHBpcmVzPTAmWC1BbXotU2lnbmVkSGVhZGVycz1ob3N0JTNCeC1rOHMtYXdzLWlkJlgtQW16LVNpZ25hdHVyZT04MzdjZGRhZmUwMmUwMWFhMmRhYmFmNzY2YjkyMWM3YjdmMmIxOTRkMjAwMDZjNmFmYWQ5MWE1NGZhY2M3MWU0"
          },
          "sensitive_attributes": []
        }
      ]
    },
    {
      "mode": "data",
      "type": "aws_iam_openid_connect_provider",
      "name": "oidc",
      "provider": "provider[\"registry.terraform.io/hashicorp/aws\"]",
      "instances": [
        {
          "schema_version": 0,
          "attributes": {
            "arn": "arn:aws:iam::533267095186:oidc-provider/oidc.eks.us-east-1.amazonaws.com/id/2BE79E797C751654A84789802F8D17B9",
            "client_id_list": [
              "sts.amazonaws.com"
            ],
            "id": "arn:aws:iam::533267095186:oidc-provider/oidc.eks.us-east-1.amazonaws.com/id/2BE79E797C751654A84789802F8D17B9",
            "tags": {
              "Name": "education-eks-2we6PjFu-eks-irsa"
            },
            "thumbprint_list": [
              "9e99a48a9960b14926bb7f3b02e22da2b0ab7280"
            ],
            "url": "oidc.eks.us-east-1.amazonaws.com/id/2BE79E797C751654A84789802F8D17B9"
          },
          "sensitive_attributes": []
        }
      ]
    },
    {
      "mode": "data",
      "type": "aws_iam_policy_document",
      "name": "dynamodb_policy_doc",
      "provider": "provider[\"registry.terraform.io/hashicorp/aws\"]",
      "instances": [
        {
          "schema_version": 0,
          "attributes": {
            "id": "3467745642",
            "json": "{\n  \"Version\": \"2012-10-17\",\n  \"Statement\": [\n    {\n      \"Effect\": \"Allow\",\n      \"Action\": [\n        \"dynamodb:UpdateItem\",\n        \"dynamodb:PutItem\",\n        \"dynamodb:GetItem\"\n      ],\n      \"Resource\": \"arn:aws:dynamodb:us-east-1:533267095186:table/requests-log-table\"\n    }\n  ]\n}",
            "minified_json": "{\"Version\":\"2012-10-17\",\"Statement\":[{\"Effect\":\"Allow\",\"Action\":[\"dynamodb:UpdateItem\",\"dynamodb:PutItem\",\"dynamodb:GetItem\"],\"Resource\":\"arn:aws:dynamodb:us-east-1:533267095186:table/requests-log-table\"}]}",
            "override_json": null,
            "override_policy_documents": null,
            "policy_id": null,
            "source_json": null,
            "source_policy_documents": null,
            "statement": [
              {
                "actions": [
                  "dynamodb:GetItem",
                  "dynamodb:PutItem",
                  "dynamodb:UpdateItem"
                ],
                "condition": [],
                "effect": "Allow",
                "not_actions": [],
                "not_principals": [],
                "not_resources": [],
                "principals": [],
                "resources": [
                  "arn:aws:dynamodb:us-east-1:533267095186:table/requests-log-table"
                ],
                "sid": ""
              }
            ],
            "version": "2012-10-17"
          },
          "sensitive_attributes": []
        }
      ]
    },
    {
      "mode": "data",
      "type": "aws_iam_policy_document",
      "name": "irsa_assume_role_doc",
      "provider": "provider[\"registry.terraform.io/hashicorp/aws\"]",
      "instances": [
        {
          "schema_version": 0,
          "attributes": {
            "id": "1218916095",
            "json": "{\n  \"Version\": \"2012-10-17\",\n  \"Statement\": [\n    {\n      \"Effect\": \"Allow\",\n      \"Action\": \"sts:AssumeRoleWithWebIdentity\",\n      \"Principal\": {\n        \"Federated\": \"arn:aws:iam::533267095186:oidc-provider/oidc.eks.us-east-1.amazonaws.com/id/2BE79E797C751654A84789802F8D17B9\"\n      },\n      \"Condition\": {\n        \"StringEquals\": {\n          \"oidc.eks.us-east-1.amazonaws.com/id/2BE79E797C751654A84789802F8D17B9:sub\": \"system:serviceaccount:default:app-serviceaccount\"\n        }\n      }\n    }\n  ]\n}",
            "minified_json": "{\"Version\":\"2012-10-17\",\"Statement\":[{\"Effect\":\"Allow\",\"Action\":\"sts:AssumeRoleWithWebIdentity\",\"Principal\":{\"Federated\":\"arn:aws:iam::533267095186:oidc-provider/oidc.eks.us-east-1.amazonaws.com/id/2BE79E797C751654A84789802F8D17B9\"},\"Condition\":{\"StringEquals\":{\"oidc.eks.us-east-1.amazonaws.com/id/2BE79E797C751654A84789802F8D17B9:sub\":\"system:serviceaccount:default:app-serviceaccount\"}}}]}",
            "override_json": null,
            "override_policy_documents": null,
            "policy_id": null,
            "source_json": null,
            "source_policy_documents": null,
            "statement": [
              {
                "actions": [
                  "sts:AssumeRoleWithWebIdentity"
                ],
                "condition": [
                  {
                    "test": "StringEquals",
                    "values": [
                      "system:serviceaccount:default:app-serviceaccount"
                    ],
                    "variable": "oidc.eks.us-east-1.amazonaws.com/id/2BE79E797C751654A84789802F8D17B9:sub"
                  }
                ],
                "effect": "Allow",
                "not_actions": [],
                "not_principals": [],
                "not_resources": [],
                "principals": [
                  {
                    "identifiers": [
                      "arn:aws:iam::533267095186:oidc-provider/oidc.eks.us-east-1.amazonaws.com/id/2BE79E797C751654A84789802F8D17B9"
                    ],
                    "type": "Federated"
                  }
                ],
                "resources": [],
                "sid": ""
              }
            ],
            "version": "2012-10-17"
          },
          "sensitive_attributes": []
        }
      ]
    },
    {
      "mode": "managed",
      "type": "aws_dynamodb_table",
      "name": "requests_table",
      "provider": "provider[\"registry.terraform.io/hashicorp/aws\"]",
      "instances": [
        {
          "schema_version": 1,
          "attributes": {
            "arn": "arn:aws:dynamodb:us-east-1:533267095186:table/requests-log-table",
            "attribute": [
              {
                "name": "requestId",
                "type": "S"
              }
            ],
            "billing_mode": "PAY_PER_REQUEST",
            "deletion_protection_enabled": false,
            "global_secondary_index": [],
            "hash_key": "requestId",
            "id": "requests-log-table",
            "import_table": [],
            "local_secondary_index": [],
            "name": "requests-log-table",
            "on_demand_throughput": [],
            "point_in_time_recovery": [
              {
                "enabled": false
              }
            ],
            "range_key": null,
            "read_capacity": 0,
            "replica": [],
            "restore_date_time": null,
            "restore_source_name": null,
            "restore_source_table_arn": null,
            "restore_to_latest_time": null,
            "server_side_encryption": [],
            "stream_arn": "",
            "stream_enabled": false,
            "stream_label": "",
            "stream_view_type": "",
            "table_class": "STANDARD",
            "tags": null,
            "tags_all": {},
            "timeouts": null,
            "ttl": [
              {
                "attribute_name": "",
                "enabled": false
              }
            ],
            "write_capacity": 0
          },
          "sensitive_attributes": [],
          "private": "eyJlMmJmYjczMC1lY2FhLTExZTYtOGY4OC0zNDM2M2JjN2M0YzAiOnsiY3JlYXRlIjoxODAwMDAwMDAwMDAwLCJkZWxldGUiOjYwMDAwMDAwMDAwMCwidXBkYXRlIjozNjAwMDAwMDAwMDAwfSwic2NoZW1hX3ZlcnNpb24iOiIxIn0="
        }
      ]
    },
    {
      "mode": "managed",
      "type": "aws_iam_policy",
      "name": "dynamodb_policy",
      "provider": "provider[\"registry.terraform.io/hashicorp/aws\"]",
      "instances": [
        {
          "schema_version": 0,
          "attributes": {
            "arn": "arn:aws:iam::533267095186:policy/demo-dynamodb-requests",
            "attachment_count": 0,
            "description": "Policy to allow writing requests to the DynamoDB table",
            "id": "arn:aws:iam::533267095186:policy/demo-dynamodb-requests",
            "name": "demo-dynamodb-requests",
            "name_prefix": "",
            "path": "/",
            "policy": "{\"Statement\":[{\"Action\":[\"dynamodb:UpdateItem\",\"dynamodb:PutItem\",\"dynamodb:GetItem\"],\"Effect\":\"Allow\",\"Resource\":\"arn:aws:dynamodb:us-east-1:533267095186:table/requests-log-table\"}],\"Version\":\"2012-10-17\"}",
            "policy_id": "ANPAXYKJSD2JK5BDKCJ27",
            "tags": null,
            "tags_all": {}
          },
          "sensitive_attributes": [],
          "private": "bnVsbA==",
          "dependencies": [
            "aws_dynamodb_table.requests_table",
            "data.aws_iam_policy_document.dynamodb_policy_doc"
          ]
        }
      ]
    },
    {
      "mode": "managed",
      "type": "aws_iam_role",
      "name": "irsa_role",
      "provider": "provider[\"registry.terraform.io/hashicorp/aws\"]",
      "instances": [
        {
          "schema_version": 0,
          "attributes": {
            "arn": "arn:aws:iam::533267095186:role/demo-irsa-role",
            "assume_role_policy": "{\"Statement\":[{\"Action\":\"sts:AssumeRoleWithWebIdentity\",\"Condition\":{\"StringEquals\":{\"oidc.eks.us-east-1.amazonaws.com/id/2BE79E797C751654A84789802F8D17B9:sub\":\"system:serviceaccount:default:app-serviceaccount\"}},\"Effect\":\"Allow\",\"Principal\":{\"Federated\":\"arn:aws:iam::533267095186:oidc-provider/oidc.eks.us-east-1.amazonaws.com/id/2BE79E797C751654A84789802F8D17B9\"}}],\"Version\":\"2012-10-17\"}",
            "create_date": "2025-01-06T23:30:21Z",
            "description": "",
            "force_detach_policies": false,
            "id": "demo-irsa-role",
            "inline_policy": [],
            "managed_policy_arns": [],
            "max_session_duration": 3600,
            "name": "demo-irsa-role",
            "name_prefix": "",
            "path": "/",
            "permissions_boundary": "",
            "tags": null,
            "tags_all": {},
            "unique_id": "AROAXYKJSD2JGFFDTBEQU"
          },
          "sensitive_attributes": [],
          "private": "bnVsbA==",
          "dependencies": [
            "data.aws_iam_policy_document.irsa_assume_role_doc"
          ]
        }
      ]
    },
    {
      "mode": "managed",
      "type": "aws_iam_role_policy_attachment",
      "name": "attach_dynamodb_policy",
      "provider": "provider[\"registry.terraform.io/hashicorp/aws\"]",
      "instances": [
        {
          "schema_version": 0,
          "attributes": {
            "id": "demo-irsa-role-20250106233036363200000001",
            "policy_arn": "arn:aws:iam::533267095186:policy/demo-dynamodb-requests",
            "role": "demo-irsa-role"
          },
          "sensitive_attributes": [],
          "private": "bnVsbA==",
          "dependencies": [
            "aws_dynamodb_table.requests_table",
            "aws_iam_policy.dynamodb_policy",
            "aws_iam_role.irsa_role",
            "data.aws_iam_policy_document.dynamodb_policy_doc",
            "data.aws_iam_policy_document.irsa_assume_role_doc"
          ]
        }
      ]
    }
  ],
  "check_results": null
}
